
Microsoft Visual Studio Solution File, Format Version 12.00
# Visual Studio Version 16
VisualStudioVersion = 16.0.31729.503
MinimumVisualStudioVersion = 10.0.40219.1
Project("{9A19103F-16F7-4668-BE54-9A1E7A4F7556}") = "ZooLabLibrary", "src\ZooLabLibrary\ZooLabLibrary.csproj", "{35C3BDBF-1698-4D72-A38A-FDF60924538E}"
EndProject
Project("{9A19103F-16F7-4668-BE54-9A1E7A4F7556}") = "ZooLabTests", "test\ZooLabTests\ZooLabTests.csproj", "{3B82F750-5514-4E3F-BFB8-C837C41D8F5E}"
EndProject
Project("{FAE04EC0-301F-11D3-BF4B-00C04F79EFBC}") = "ZooLabAppTests", "test\ZooLabAppTests\ZooLabAppTests.csproj", "{C26C6A17-8823-49E0-8FD5-0B9E097A059F}"
EndProject
Global
	GlobalSection(SolutionConfigurationPlatforms) = preSolution
		Debug|Any CPU = Debug|Any CPU
		Release|Any CPU = Release|Any CPU
	EndGlobalSection
	GlobalSection(ProjectConfigurationPlatforms) = postSolution
		{35C3BDBF-1698-4D72-A38A-FDF60924538E}.Debug|Any CPU.ActiveCfg = Debug|Any CPU
		{35C3BDBF-1698-4D72-A38A-FDF60924538E}.Debug|Any CPU.Build.0 = Debug|Any CPU
		{35C3BDBF-1698-4D72-A38A-FDF60924538E}.Release|Any CPU.ActiveCfg = Release|Any CPU
		{35C3BDBF-1698-4D72-A38A-FDF60924538E}.Release|Any CPU.Build.0 = Release|Any CPU
		{3B82F750-5514-4E3F-BFB8-C837C41D8F5E}.Debug|Any CPU.ActiveCfg = Debug|Any CPU
		{3B82F750-5514-4E3F-BFB8-C837C41D8F5E}.Debug|Any CPU.Build.0 = Debug|Any CPU
		{3B82F750-5514-4E3F-BFB8-C837C41D8F5E}.Release|Any CPU.ActiveCfg = Release|Any CPU
		{3B82F750-5514-4E3F-BFB8-C837C41D8F5E}.Release|Any CPU.Build.0 = Release|Any CPU
		{C26C6A17-8823-49E0-8FD5-0B9E097A059F}.Debug|Any CPU.ActiveCfg = Debug|Any CPU
		{C26C6A17-8823-49E0-8FD5-0B9E097A059F}.Debug|Any CPU.Build.0 = Debug|Any CPU
		{C26C6A17-8823-49E0-8FD5-0B9E097A059F}.Release|Any CPU.ActiveCfg = Release|Any CPU
		{C26C6A17-8823-49E0-8FD5-0B9E097A059F}.Release|Any CPU.Build.0 = Release|Any CPU
	EndGlobalSection
	GlobalSection(SolutionProperties) = preSolution
		HideSolutionNode = FALSE
	EndGlobalSection
	GlobalSection(ExtensibilityGlobals) = postSolution
		SolutionGuid = {8EBD11B1-6FC9-4F77-9CB9-31A508B0F8C0}
	EndGlobalSection
EndGlobal
